# THIS IS AN AUTOGENERATED FILE. DO NOT EDIT THIS FILE DIRECTLY.
# yarn lockfile v1


"@esbuild/aix-ppc64@0.25.8":
  version "0.25.8"
  resolved "https://registry.yarnpkg.com/@esbuild/aix-ppc64/-/aix-ppc64-0.25.8.tgz#a1414903bb38027382f85f03dda6065056757727"
  integrity sha512-urAvrUedIqEiFR3FYSLTWQgLu5tb+m0qZw0NBEasUeo6wuqatkMDaRT+1uABiGXEu5vqgPd7FGE1BhsAIy9QVA==

"@esbuild/android-arm64@0.25.8":
  version "0.25.8"
  resolved "https://registry.yarnpkg.com/@esbuild/android-arm64/-/android-arm64-0.25.8.tgz#c859994089e9767224269884061f89dae6fb51c6"
  integrity sha512-OD3p7LYzWpLhZEyATcTSJ67qB5D+20vbtr6vHlHWSQYhKtzUYrETuWThmzFpZtFsBIxRvhO07+UgVA9m0i/O1w==

"@esbuild/android-arm@0.25.8":
  version "0.25.8"
  resolved "https://registry.yarnpkg.com/@esbuild/android-arm/-/android-arm-0.25.8.tgz#96a8f2ca91c6cd29ea90b1af79d83761c8ba0059"
  integrity sha512-RONsAvGCz5oWyePVnLdZY/HHwA++nxYWIX1atInlaW6SEkwq6XkP3+cb825EUcRs5Vss/lGh/2YxAb5xqc07Uw==

"@esbuild/android-x64@0.25.8":
  version "0.25.8"
  resolved "https://registry.yarnpkg.com/@esbuild/android-x64/-/android-x64-0.25.8.tgz#a3a626c4fec4a024a9fa8c7679c39996e92916f0"
  integrity sha512-yJAVPklM5+4+9dTeKwHOaA+LQkmrKFX96BM0A/2zQrbS6ENCmxc4OVoBs5dPkCCak2roAD+jKCdnmOqKszPkjA==

"@esbuild/darwin-arm64@0.25.8":
  version "0.25.8"
  resolved "https://registry.npmjs.org/@esbuild/darwin-arm64/-/darwin-arm64-0.25.8.tgz"
  integrity sha512-Jw0mxgIaYX6R8ODrdkLLPwBqHTtYHJSmzzd+QeytSugzQ0Vg4c5rDky5VgkoowbZQahCbsv1rT1KW72MPIkevw==

"@esbuild/darwin-x64@0.25.8":
  version "0.25.8"
  resolved "https://registry.yarnpkg.com/@esbuild/darwin-x64/-/darwin-x64-0.25.8.tgz#5271b0df2bb12ce8df886704bfdd1c7cc01385d2"
  integrity sha512-Vh2gLxxHnuoQ+GjPNvDSDRpoBCUzY4Pu0kBqMBDlK4fuWbKgGtmDIeEC081xi26PPjn+1tct+Bh8FjyLlw1Zlg==

"@esbuild/freebsd-arm64@0.25.8":
  version "0.25.8"
  resolved "https://registry.yarnpkg.com/@esbuild/freebsd-arm64/-/freebsd-arm64-0.25.8.tgz#d0a0e7fdf19733b8bb1566b81df1aa0bb7e46ada"
  integrity sha512-YPJ7hDQ9DnNe5vxOm6jaie9QsTwcKedPvizTVlqWG9GBSq+BuyWEDazlGaDTC5NGU4QJd666V0yqCBL2oWKPfA==

"@esbuild/freebsd-x64@0.25.8":
  version "0.25.8"
  resolved "https://registry.yarnpkg.com/@esbuild/freebsd-x64/-/freebsd-x64-0.25.8.tgz#2de8b2e0899d08f1cb1ef3128e159616e7e85343"
  integrity sha512-MmaEXxQRdXNFsRN/KcIimLnSJrk2r5H8v+WVafRWz5xdSVmWLoITZQXcgehI2ZE6gioE6HirAEToM/RvFBeuhw==

"@esbuild/linux-arm64@0.25.8":
  version "0.25.8"
  resolved "https://registry.yarnpkg.com/@esbuild/linux-arm64/-/linux-arm64-0.25.8.tgz#a4209efadc0c2975716458484a4e90c237c48ae9"
  integrity sha512-WIgg00ARWv/uYLU7lsuDK00d/hHSfES5BzdWAdAig1ioV5kaFNrtK8EqGcUBJhYqotlUByUKz5Qo6u8tt7iD/w==

"@esbuild/linux-arm@0.25.8":
  version "0.25.8"
  resolved "https://registry.yarnpkg.com/@esbuild/linux-arm/-/linux-arm-0.25.8.tgz#ccd9e291c24cd8d9142d819d463e2e7200d25b19"
  integrity sha512-FuzEP9BixzZohl1kLf76KEVOsxtIBFwCaLupVuk4eFVnOZfU+Wsn+x5Ryam7nILV2pkq2TqQM9EZPsOBuMC+kg==

"@esbuild/linux-ia32@0.25.8":
  version "0.25.8"
  resolved "https://registry.yarnpkg.com/@esbuild/linux-ia32/-/linux-ia32-0.25.8.tgz#006ad1536d0c2b28fb3a1cf0b53bcb85aaf92c4d"
  integrity sha512-A1D9YzRX1i+1AJZuFFUMP1E9fMaYY+GnSQil9Tlw05utlE86EKTUA7RjwHDkEitmLYiFsRd9HwKBPEftNdBfjg==

"@esbuild/linux-loong64@0.25.8":
  version "0.25.8"
  resolved "https://registry.yarnpkg.com/@esbuild/linux-loong64/-/linux-loong64-0.25.8.tgz#127b3fbfb2c2e08b1397e985932f718f09a8f5c4"
  integrity sha512-O7k1J/dwHkY1RMVvglFHl1HzutGEFFZ3kNiDMSOyUrB7WcoHGf96Sh+64nTRT26l3GMbCW01Ekh/ThKM5iI7hQ==

"@esbuild/linux-mips64el@0.25.8":
  version "0.25.8"
  resolved "https://registry.yarnpkg.com/@esbuild/linux-mips64el/-/linux-mips64el-0.25.8.tgz#837d1449517791e3fa7d82675a2d06d9f56cb340"
  integrity sha512-uv+dqfRazte3BzfMp8PAQXmdGHQt2oC/y2ovwpTteqrMx2lwaksiFZ/bdkXJC19ttTvNXBuWH53zy/aTj1FgGw==

"@esbuild/linux-ppc64@0.25.8":
  version "0.25.8"
  resolved "https://registry.yarnpkg.com/@esbuild/linux-ppc64/-/linux-ppc64-0.25.8.tgz#aa2e3bd93ab8df084212f1895ca4b03c42d9e0fe"
  integrity sha512-GyG0KcMi1GBavP5JgAkkstMGyMholMDybAf8wF5A70CALlDM2p/f7YFE7H92eDeH/VBtFJA5MT4nRPDGg4JuzQ==

"@esbuild/linux-riscv64@0.25.8":
  version "0.25.8"
  resolved "https://registry.yarnpkg.com/@esbuild/linux-riscv64/-/linux-riscv64-0.25.8.tgz#a340620e31093fef72767dd28ab04214b3442083"
  integrity sha512-rAqDYFv3yzMrq7GIcen3XP7TUEG/4LK86LUPMIz6RT8A6pRIDn0sDcvjudVZBiiTcZCY9y2SgYX2lgK3AF+1eg==

"@esbuild/linux-s390x@0.25.8":
  version "0.25.8"
  resolved "https://registry.yarnpkg.com/@esbuild/linux-s390x/-/linux-s390x-0.25.8.tgz#ddfed266c8c13f5efb3105a0cd47f6dcd0e79e71"
  integrity sha512-Xutvh6VjlbcHpsIIbwY8GVRbwoviWT19tFhgdA7DlenLGC/mbc3lBoVb7jxj9Z+eyGqvcnSyIltYUrkKzWqSvg==

"@esbuild/linux-x64@0.25.8":
  version "0.25.8"
  resolved "https://registry.yarnpkg.com/@esbuild/linux-x64/-/linux-x64-0.25.8.tgz#9a4f78c75c051e8c060183ebb39a269ba936a2ac"
  integrity sha512-ASFQhgY4ElXh3nDcOMTkQero4b1lgubskNlhIfJrsH5OKZXDpUAKBlNS0Kx81jwOBp+HCeZqmoJuihTv57/jvQ==

"@esbuild/netbsd-arm64@0.25.8":
  version "0.25.8"
  resolved "https://registry.yarnpkg.com/@esbuild/netbsd-arm64/-/netbsd-arm64-0.25.8.tgz#902c80e1d678047926387230bc037e63e00697d0"
  integrity sha512-d1KfruIeohqAi6SA+gENMuObDbEjn22olAR7egqnkCD9DGBG0wsEARotkLgXDu6c4ncgWTZJtN5vcgxzWRMzcw==

"@esbuild/netbsd-x64@0.25.8":
  version "0.25.8"
  resolved "https://registry.yarnpkg.com/@esbuild/netbsd-x64/-/netbsd-x64-0.25.8.tgz#2d9eb4692add2681ff05a14ce99de54fbed7079c"
  integrity sha512-nVDCkrvx2ua+XQNyfrujIG38+YGyuy2Ru9kKVNyh5jAys6n+l44tTtToqHjino2My8VAY6Lw9H7RI73XFi66Cg==

"@esbuild/openbsd-arm64@0.25.8":
  version "0.25.8"
  resolved "https://registry.yarnpkg.com/@esbuild/openbsd-arm64/-/openbsd-arm64-0.25.8.tgz#89c3b998c6de739db38ab7fb71a8a76b3fa84a45"
  integrity sha512-j8HgrDuSJFAujkivSMSfPQSAa5Fxbvk4rgNAS5i3K+r8s1X0p1uOO2Hl2xNsGFppOeHOLAVgYwDVlmxhq5h+SQ==

"@esbuild/openbsd-x64@0.25.8":
  version "0.25.8"
  resolved "https://registry.yarnpkg.com/@esbuild/openbsd-x64/-/openbsd-x64-0.25.8.tgz#2f01615cf472b0e48c077045cfd96b5c149365cc"
  integrity sha512-1h8MUAwa0VhNCDp6Af0HToI2TJFAn1uqT9Al6DJVzdIBAd21m/G0Yfc77KDM3uF3T/YaOgQq3qTJHPbTOInaIQ==

"@esbuild/openharmony-arm64@0.25.8":
  version "0.25.8"
  resolved "https://registry.yarnpkg.com/@esbuild/openharmony-arm64/-/openharmony-arm64-0.25.8.tgz#a201f720cd2c3ebf9a6033fcc3feb069a54b509a"
  integrity sha512-r2nVa5SIK9tSWd0kJd9HCffnDHKchTGikb//9c7HX+r+wHYCpQrSgxhlY6KWV1nFo1l4KFbsMlHk+L6fekLsUg==

"@esbuild/sunos-x64@0.25.8":
  version "0.25.8"
  resolved "https://registry.yarnpkg.com/@esbuild/sunos-x64/-/sunos-x64-0.25.8.tgz#07046c977985a3334667f19e6ab3a01a80862afb"
  integrity sha512-zUlaP2S12YhQ2UzUfcCuMDHQFJyKABkAjvO5YSndMiIkMimPmxA+BYSBikWgsRpvyxuRnow4nS5NPnf9fpv41w==

"@esbuild/win32-arm64@0.25.8":
  version "0.25.8"
  resolved "https://registry.yarnpkg.com/@esbuild/win32-arm64/-/win32-arm64-0.25.8.tgz#4a5470caf0d16127c05d4833d4934213c69392d1"
  integrity sha512-YEGFFWESlPva8hGL+zvj2z/SaK+pH0SwOM0Nc/d+rVnW7GSTFlLBGzZkuSU9kFIGIo8q9X3ucpZhu8PDN5A2sQ==

"@esbuild/win32-ia32@0.25.8":
  version "0.25.8"
  resolved "https://registry.yarnpkg.com/@esbuild/win32-ia32/-/win32-ia32-0.25.8.tgz#3de3e8470b7b328d99dbc3e9ec1eace207e5bbc4"
  integrity sha512-hiGgGC6KZ5LZz58OL/+qVVoZiuZlUYlYHNAmczOm7bs2oE1XriPFi5ZHHrS8ACpV5EjySrnoCKmcbQMN+ojnHg==

"@esbuild/win32-x64@0.25.8":
  version "0.25.8"
  resolved "https://registry.yarnpkg.com/@esbuild/win32-x64/-/win32-x64-0.25.8.tgz#610d7ea539d2fcdbe39237b5cc175eb2c4451f9c"
  integrity sha512-cn3Yr7+OaaZq1c+2pe+8yxC8E144SReCQjN6/2ynubzYjvyqZjTXfQJpAcQpsdJq3My7XADANiYGHoFC69pLQw==

"@hono/node-server@^1.17.1":
  version "1.17.1"
  resolved "https://registry.npmjs.org/@hono/node-server/-/node-server-1.17.1.tgz"
  integrity sha512-SY79W/C+2b1MyAzmIcV32Q47vO1b5XwLRwj8S9N6Jr5n1QCkIfAIH6umOSgqWZ4/v67hg6qq8Ha5vZonVidGsg==

"@hono/zod-validator@^0.7.2":
  version "0.7.2"
  resolved "https://registry.npmjs.org/@hono/zod-validator/-/zod-validator-0.7.2.tgz"
  integrity sha512-ub5eL/NeZ4eLZawu78JpW/J+dugDAYhwqUIdp9KYScI6PZECij4Hx4UsrthlEUutqDDhPwRI0MscUfNkvn/mqQ==

"@phc/format@^1.0.0":
  version "1.0.0"
  resolved "https://registry.npmjs.org/@phc/format/-/format-1.0.0.tgz"
  integrity sha512-m7X9U6BG2+J+R1lSOdCiITLLrxm+cWlNI3HUFA92oLO77ObGNzaKdh8pMLqdZcshtkKuV84olNNXDfMc4FezBQ==

"@prisma/client@^6.12.0":
  version "6.12.0"
  resolved "https://registry.npmjs.org/@prisma/client/-/client-6.12.0.tgz"
  integrity sha512-wn98bJ3Cj6edlF4jjpgXwbnQIo/fQLqqQHPk2POrZPxTlhY3+n90SSIF3LMRVa8VzRFC/Gec3YKJRxRu+AIGVA==

"@prisma/config@6.12.0":
  version "6.12.0"
  resolved "https://registry.npmjs.org/@prisma/config/-/config-6.12.0.tgz"
  integrity sha512-HovZWzhWEMedHxmjefQBRZa40P81N7/+74khKFz9e1AFjakcIQdXgMWKgt20HaACzY+d1LRBC+L4tiz71t9fkg==
  dependencies:
    jiti "2.4.2"

"@prisma/debug@6.12.0":
  version "6.12.0"
  resolved "https://registry.npmjs.org/@prisma/debug/-/debug-6.12.0.tgz"
  integrity sha512-plbz6z72orcqr0eeio7zgUrZj5EudZUpAeWkFTA/DDdXEj28YHDXuiakvR6S7sD6tZi+jiwQEJAPeV6J6m/tEQ==

"@prisma/engines-version@6.12.0-15.8047c96bbd92db98a2abc7c9323ce77c02c89dbc":
  version "6.12.0-15.8047c96bbd92db98a2abc7c9323ce77c02c89dbc"
  resolved "https://registry.npmjs.org/@prisma/engines-version/-/engines-version-6.12.0-15.8047c96bbd92db98a2abc7c9323ce77c02c89dbc.tgz"
  integrity sha512-70vhecxBJlRr06VfahDzk9ow4k1HIaSfVUT3X0/kZoHCMl9zbabut4gEXAyzJZxaCGi5igAA7SyyfBI//mmkbQ==

"@prisma/engines@6.12.0":
  version "6.12.0"
  resolved "https://registry.npmjs.org/@prisma/engines/-/engines-6.12.0.tgz"
  integrity sha512-4BRZZUaAuB4p0XhTauxelvFs7IllhPmNLvmla0bO1nkECs8n/o1pUvAVbQ/VOrZR5DnF4HED0PrGai+rIOVePA==
  dependencies:
    "@prisma/debug" "6.12.0"
    "@prisma/engines-version" "6.12.0-15.8047c96bbd92db98a2abc7c9323ce77c02c89dbc"
    "@prisma/fetch-engine" "6.12.0"
    "@prisma/get-platform" "6.12.0"

"@prisma/fetch-engine@6.12.0":
  version "6.12.0"
  resolved "https://registry.npmjs.org/@prisma/fetch-engine/-/fetch-engine-6.12.0.tgz"
  integrity sha512-EamoiwrK46rpWaEbLX9aqKDPOd8IyLnZAkiYXFNuq0YsU0Z8K09/rH8S7feOWAVJ3xzeSgcEJtBlVDrajM9Sag==
  dependencies:
    "@prisma/debug" "6.12.0"
    "@prisma/engines-version" "6.12.0-15.8047c96bbd92db98a2abc7c9323ce77c02c89dbc"
    "@prisma/get-platform" "6.12.0"

"@prisma/get-platform@6.12.0":
  version "6.12.0"
  resolved "https://registry.npmjs.org/@prisma/get-platform/-/get-platform-6.12.0.tgz"
  integrity sha512-nRerTGhTlgyvcBlyWgt8OLNIV7QgJS2XYXMJD1hysorMCuLAjuDDuoxmVt7C2nLxbuxbWPp7OuFRHC23HqD9dA==
  dependencies:
    "@prisma/debug" "6.12.0"

"@types/jsonwebtoken@^9.0.10":
  version "9.0.10"
  resolved "https://registry.npmjs.org/@types/jsonwebtoken/-/jsonwebtoken-9.0.10.tgz"
  integrity sha512-asx5hIG9Qmf/1oStypjanR7iKTv0gXQ1Ov/jfrX6kS/EO0OFni8orbmGCn0672NHR3kXHwpAwR+B368ZGN/2rA==
  dependencies:
    "@types/ms" "*"
    "@types/node" "*"

"@types/ms@*":
  version "2.1.0"
  resolved "https://registry.npmjs.org/@types/ms/-/ms-2.1.0.tgz"
  integrity sha512-GsCCIZDE/p3i96vtEqx+7dBUGXrc7zeSK3wwPHIaRThS+9OhWIXRqzs4d6k1SVU8g91DrNRWxWUGhp5KXQb2VA==

"@types/node@*", "@types/node@^20.11.17":
  version "20.19.9"
  resolved "https://registry.npmjs.org/@types/node/-/node-20.19.9.tgz"
  integrity sha512-cuVNgarYWZqxRJDQHEB58GEONhOK79QVR/qYx4S7kcUObQvUwvFnYxJuuHUKm2aieN9X3yZB4LZsuYNU1Qphsw==
  dependencies:
    undici-types "~6.21.0"

argon2@^0.43.1:
  version "0.43.1"
  resolved "https://registry.npmjs.org/argon2/-/argon2-0.43.1.tgz"
  integrity sha512-TfOzvDWUaQPurCT1hOwIeFNkgrAJDpbBGBGWDgzDsm11nNhImc13WhdGdCU6K7brkp8VpeY07oGtSex0Wmhg8w==
  dependencies:
    "@phc/format" "^1.0.0"
    node-addon-api "^8.4.0"
    node-gyp-build "^4.8.4"

buffer-equal-constant-time@^1.0.1:
  version "1.0.1"
  resolved "https://registry.npmjs.org/buffer-equal-constant-time/-/buffer-equal-constant-time-1.0.1.tgz"
  integrity sha512-zRpUiDwd/xk6ADqPMATG8vc9VPrkck7T07OIx0gnjmJAnHnTVXNQG3vfvWNuiZIkwu9KrKdA1iJKfsfTVxE6NA==

ecdsa-sig-formatter@1.0.11:
  version "1.0.11"
  resolved "https://registry.npmjs.org/ecdsa-sig-formatter/-/ecdsa-sig-formatter-1.0.11.tgz"
  integrity sha512-nagl3RYrbNv6kQkeJIpt6NJZy8twLB/2vtz6yN9Z4vRKHN4/QZJIEbqohALSgwKdnksuY3k5Addp5lg8sVoVcQ==
  dependencies:
    safe-buffer "^5.0.1"

esbuild@~0.25.0:
  version "0.25.8"
  resolved "https://registry.npmjs.org/esbuild/-/esbuild-0.25.8.tgz"
  integrity sha512-vVC0USHGtMi8+R4Kz8rt6JhEWLxsv9Rnu/lGYbPR8u47B+DCBksq9JarW0zOO7bs37hyOK1l2/oqtbciutL5+Q==
  optionalDependencies:
    "@esbuild/aix-ppc64" "0.25.8"
    "@esbuild/android-arm" "0.25.8"
    "@esbuild/android-arm64" "0.25.8"
    "@esbuild/android-x64" "0.25.8"
    "@esbuild/darwin-arm64" "0.25.8"
    "@esbuild/darwin-x64" "0.25.8"
    "@esbuild/freebsd-arm64" "0.25.8"
    "@esbuild/freebsd-x64" "0.25.8"
    "@esbuild/linux-arm" "0.25.8"
    "@esbuild/linux-arm64" "0.25.8"
    "@esbuild/linux-ia32" "0.25.8"
    "@esbuild/linux-loong64" "0.25.8"
    "@esbuild/linux-mips64el" "0.25.8"
    "@esbuild/linux-ppc64" "0.25.8"
    "@esbuild/linux-riscv64" "0.25.8"
    "@esbuild/linux-s390x" "0.25.8"
    "@esbuild/linux-x64" "0.25.8"
    "@esbuild/netbsd-arm64" "0.25.8"
    "@esbuild/netbsd-x64" "0.25.8"
    "@esbuild/openbsd-arm64" "0.25.8"
    "@esbuild/openbsd-x64" "0.25.8"
    "@esbuild/openharmony-arm64" "0.25.8"
    "@esbuild/sunos-x64" "0.25.8"
    "@esbuild/win32-arm64" "0.25.8"
    "@esbuild/win32-ia32" "0.25.8"
    "@esbuild/win32-x64" "0.25.8"

fsevents@~2.3.3:
  version "2.3.3"
  resolved "https://registry.npmjs.org/fsevents/-/fsevents-2.3.3.tgz"
  integrity sha512-5xoDfX+fL7faATnagmWPpbFtwh/R77WmMMqqHGS65C3vvB0YHrgF+B1YmZ3441tMj5n63k0212XNoJwzlhffQw==

get-tsconfig@^4.7.5:
  version "4.10.1"
  resolved "https://registry.npmjs.org/get-tsconfig/-/get-tsconfig-4.10.1.tgz"
  integrity sha512-auHyJ4AgMz7vgS8Hp3N6HXSmlMdUyhSUrfBF16w153rxtLIEOE+HGqaBppczZvnHLqQJfiHotCYpNhl0lUROFQ==
  dependencies:
    resolve-pkg-maps "^1.0.0"

hono@^4.8.5:
  version "4.8.5"
  resolved "https://registry.npmjs.org/hono/-/hono-4.8.5.tgz"
  integrity sha512-Up2cQbtNz1s111qpnnECdTGqSIUIhZJMLikdKkshebQSEBcoUKq6XJayLGqSZWidiH0zfHRCJqFu062Mz5UuRA==

jiti@2.4.2:
  version "2.4.2"
  resolved "https://registry.npmjs.org/jiti/-/jiti-2.4.2.tgz"
  integrity sha512-rg9zJN+G4n2nfJl5MW3BMygZX56zKPNVEYYqq7adpmMh4Jn2QNEwhvQlFy6jPVdcod7txZtKHWnyZiA3a0zP7A==

jsonwebtoken@^9.0.2:
  version "9.0.2"
  resolved "https://registry.npmjs.org/jsonwebtoken/-/jsonwebtoken-9.0.2.tgz"
  integrity sha512-PRp66vJ865SSqOlgqS8hujT5U4AOgMfhrwYIuIhfKaoSCZcirrmASQr8CX7cUg+RMih+hgznrjp99o+W4pJLHQ==
  dependencies:
    jws "^3.2.2"
    lodash.includes "^4.3.0"
    lodash.isboolean "^3.0.3"
    lodash.isinteger "^4.0.4"
    lodash.isnumber "^3.0.3"
    lodash.isplainobject "^4.0.6"
    lodash.isstring "^4.0.1"
    lodash.once "^4.0.0"
    ms "^2.1.1"
    semver "^7.5.4"

jwa@^1.4.1:
  version "1.4.2"
  resolved "https://registry.npmjs.org/jwa/-/jwa-1.4.2.tgz"
  integrity sha512-eeH5JO+21J78qMvTIDdBXidBd6nG2kZjg5Ohz/1fpa28Z4CcsWUzJ1ZZyFq/3z3N17aZy+ZuBoHljASbL1WfOw==
  dependencies:
    buffer-equal-constant-time "^1.0.1"
    ecdsa-sig-formatter "1.0.11"
    safe-buffer "^5.0.1"

jws@^3.2.2:
  version "3.2.2"
  resolved "https://registry.npmjs.org/jws/-/jws-3.2.2.tgz"
  integrity sha512-YHlZCB6lMTllWDtSPHz/ZXTsi8S00usEV6v1tjq8tOUZzw7DpSDWVXjXDre6ed1w/pd495ODpHZYSdkRTsa0HA==
  dependencies:
    jwa "^1.4.1"
    safe-buffer "^5.0.1"

lodash.includes@^4.3.0:
  version "4.3.0"
  resolved "https://registry.npmjs.org/lodash.includes/-/lodash.includes-4.3.0.tgz"
  integrity sha512-W3Bx6mdkRTGtlJISOvVD/lbqjTlPPUDTMnlXZFnVwi9NKJ6tiAk6LVdlhZMm17VZisqhKcgzpO5Wz91PCt5b0w==

lodash.isboolean@^3.0.3:
  version "3.0.3"
  resolved "https://registry.npmjs.org/lodash.isboolean/-/lodash.isboolean-3.0.3.tgz"
  integrity sha512-Bz5mupy2SVbPHURB98VAcw+aHh4vRV5IPNhILUCsOzRmsTmSQ17jIuqopAentWoehktxGd9e/hbIXq980/1QJg==

lodash.isinteger@^4.0.4:
  version "4.0.4"
  resolved "https://registry.npmjs.org/lodash.isinteger/-/lodash.isinteger-4.0.4.tgz"
  integrity sha512-DBwtEWN2caHQ9/imiNeEA5ys1JoRtRfY3d7V9wkqtbycnAmTvRRmbHKDV4a0EYc678/dia0jrte4tjYwVBaZUA==

lodash.isnumber@^3.0.3:
  version "3.0.3"
  resolved "https://registry.npmjs.org/lodash.isnumber/-/lodash.isnumber-3.0.3.tgz"
  integrity sha512-QYqzpfwO3/CWf3XP+Z+tkQsfaLL/EnUlXWVkIk5FUPc4sBdTehEqZONuyRt2P67PXAk+NXmTBcc97zw9t1FQrw==

lodash.isplainobject@^4.0.6:
  version "4.0.6"
  resolved "https://registry.npmjs.org/lodash.isplainobject/-/lodash.isplainobject-4.0.6.tgz"
  integrity sha512-oSXzaWypCMHkPC3NvBEaPHf0KsA5mvPrOPgQWDsbg8n7orZ290M0BmC/jgRZ4vcJ6DTAhjrsSYgdsW/F+MFOBA==

lodash.isstring@^4.0.1:
  version "4.0.1"
  resolved "https://registry.npmjs.org/lodash.isstring/-/lodash.isstring-4.0.1.tgz"
  integrity sha512-0wJxfxH1wgO3GrbuP+dTTk7op+6L41QCXbGINEmD+ny/G/eCqGzxyCsh7159S+mgDDcoarnBw6PC1PS5+wUGgw==

lodash.once@^4.0.0:
  version "4.1.1"
  resolved "https://registry.npmjs.org/lodash.once/-/lodash.once-4.1.1.tgz"
  integrity sha512-Sb487aTOCr9drQVL8pIxOzVhafOjZN9UU54hiN8PU3uAiSV7lx1yYNpbNmex2PK6dSJoNTSJUUswT651yww3Mg==

ms@^2.1.1:
  version "2.1.3"
  resolved "https://registry.npmjs.org/ms/-/ms-2.1.3.tgz"
  integrity sha512-6FlzubTLZG3J2a/NVCAleEhjzq5oxgHyaCU9yYXvcLsvoVaHJq/s5xXI6/XXP6tz7R9xAOtHnSO/tXtF3WRTlA==

node-addon-api@^8.4.0:
  version "8.5.0"
  resolved "https://registry.npmjs.org/node-addon-api/-/node-addon-api-8.5.0.tgz"
  integrity sha512-/bRZty2mXUIFY/xU5HLvveNHlswNJej+RnxBjOMkidWfwZzgTbPG1E3K5TOxRLOR+5hX7bSofy8yf1hZevMS8A==

node-gyp-build@^4.8.4:
  version "4.8.4"
  resolved "https://registry.npmjs.org/node-gyp-build/-/node-gyp-build-4.8.4.tgz"
  integrity sha512-LA4ZjwlnUblHVgq0oBF3Jl/6h/Nvs5fzBLwdEF4nuxnFdsfajde4WfxtJr3CaiH+F6ewcIB/q4jQ4UzPyid+CQ==

prisma@^6.12.0:
  version "6.12.0"
  resolved "https://registry.npmjs.org/prisma/-/prisma-6.12.0.tgz"
  integrity sha512-pmV7NEqQej9WjizN6RSNIwf7Y+jeh9mY1JEX2WjGxJi4YZWexClhde1yz/FuvAM+cTwzchcMytu2m4I6wPkIzg==
  dependencies:
    "@prisma/config" "6.12.0"
    "@prisma/engines" "6.12.0"

resolve-pkg-maps@^1.0.0:
  version "1.0.0"
  resolved "https://registry.npmjs.org/resolve-pkg-maps/-/resolve-pkg-maps-1.0.0.tgz"
  integrity sha512-seS2Tj26TBVOC2NIc2rOe2y2ZO7efxITtLZcGSOnHHNOQ7CkiUBfw0Iw2ck6xkIhPwLhKNLS8BO+hEpngQlqzw==

safe-buffer@^5.0.1:
  version "5.2.1"
  resolved "https://registry.npmjs.org/safe-buffer/-/safe-buffer-5.2.1.tgz"
  integrity sha512-rp3So07KcdmmKbGvgaNxQSJr7bGVSVk5S9Eq1F+ppbRo70+YeaDxkw5Dd8NPN+GD6bjnYm2VuPuCXmpuYvmCXQ==

semver@^7.5.4:
  version "7.7.2"
  resolved "https://registry.npmjs.org/semver/-/semver-7.7.2.tgz"
  integrity sha512-RF0Fw+rO5AMf9MAyaRXI4AV0Ulj5lMHqVxxdSgiVbixSCXoEmmX/jk0CuJw4+3SqroYO9VoUh+HcuJivvtJemA==

tsx@^4.7.1:
  version "4.20.3"
  resolved "https://registry.npmjs.org/tsx/-/tsx-4.20.3.tgz"
  integrity sha512-qjbnuR9Tr+FJOMBqJCW5ehvIo/buZq7vH7qD7JziU98h6l3qGy0a/yPFjwO+y0/T7GFpNgNAvEcPPVfyT8rrPQ==
  dependencies:
    esbuild "~0.25.0"
    get-tsconfig "^4.7.5"
  optionalDependencies:
    fsevents "~2.3.3"

typescript@^5.8.3:
  version "5.8.3"
  resolved "https://registry.npmjs.org/typescript/-/typescript-5.8.3.tgz"
  integrity sha512-p1diW6TqL9L07nNxvRMM7hMMw4c5XOo/1ibL4aAIGmSAt9slTE1Xgw5KWuof2uTOvCg9BY7ZRi+GaF+7sfgPeQ==

undici-types@~6.21.0:
  version "6.21.0"
  resolved "https://registry.npmjs.org/undici-types/-/undici-types-6.21.0.tgz"
  integrity sha512-iwDZqg0QAGrg9Rav5H4n0M64c3mkR59cJ6wQp+7C4nI0gsmExaedaYLNO44eT4AtBBwjbTiGPMlt2Md0T9H9JQ==

zod@^4.0.5:
  version "4.0.8"
  resolved "https://registry.npmjs.org/zod/-/zod-4.0.8.tgz"
  integrity sha512-+MSh9cZU9r3QKlHqrgHMTSr3QwMGv4PLfR0M4N/sYWV5/x67HgXEhIGObdBkpnX8G78pTgWnIrBL2lZcNJOtfg==
